
Microsoft Visual Studio Solution File, Format Version 12.00
# Visual Studio Version 17
VisualStudioVersion = 17.6.33815.320
MinimumVisualStudioVersion = 10.0.40219.1
Project("{FAE04EC0-301F-11D3-BF4B-00C04F79EFBC}") = "Collection", "Collection\Collection.csproj", "{B1F659D3-87FD-42E8-AA4D-5CC226F67EE4}"
EndProject
Global
	GlobalSection(SolutionConfigurationPlatforms) = preSolution
		Debug|Any CPU = Debug|Any CPU
		Release|Any CPU = Release|Any CPU
	EndGlobalSection
	GlobalSection(ProjectConfigurationPlatforms) = postSolution
		{B1F659D3-87FD-42E8-AA4D-5CC226F67EE4}.Debug|Any CPU.ActiveCfg = Debug|Any CPU
		{B1F659D3-87FD-42E8-AA4D-5CC226F67EE4}.Debug|Any CPU.Build.0 = Debug|Any CPU
		{B1F659D3-87FD-42E8-AA4D-5CC226F67EE4}.Release|Any CPU.ActiveCfg = Release|Any CPU
		{B1F659D3-87FD-42E8-AA4D-5CC226F67EE4}.Release|Any CPU.Build.0 = Release|Any CPU
	EndGlobalSection
	GlobalSection(SolutionProperties) = preSolution
		HideSolutionNode = FALSE
	EndGlobalSection
	GlobalSection(ExtensibilityGlobals) = postSolution
		SolutionGuid = {565E155E-FBB5-49F6-A161-C7EA2FA9919C}
	EndGlobalSection
EndGlobal
